# This file is automatically @generated by Cargo.
# It is not intended for manual editing.
version = 3

[[package]]
name = "fpp"
version = "0.1.0"
dependencies = [
 "ilog",
 "lazy_static",
]

[[package]]
name = "fpp_c_ffi"
version = "0.1.0"
dependencies = [
 "fpp",
]

[[package]]
name = "ilog"
version = "1.0.1"
source = "registry+https://github.com/rust-lang/crates.io-index"
checksum = "a9d6896d5a5d605a3b80da159ccc5a6e1fad346b4d2c1ad51046e22536b9a362"

[[package]]
name = "lazy_static"
version = "1.4.0"
source = "registry+https://github.com/rust-lang/crates.io-index"
checksum = "e2abad23fbc42b3700f2f279844dc832adb2b2eb069b2df918f455c4e18cc646"
