{
  "object": {
    "pins": [
      {
        "package": "abseil-deling",
        "repositoryURL": "/Users/deling/repo/abseil-cpp-SwiftPM",
        "state": {
          "branch": "cxx17",
          "revision": "3d00c4c78f239bcdec4477a03704ff89444c57e9",
          "version": null
        }
      },
      {
        "package": "BoringSSL-GRPC",
        "repositoryURL": "https://github.com/firebase/boringssl-SwiftPM.git",
        "state": {
          "branch": null,
          "revision": "734a8247442fde37df4364c21f6a0085b6a36728",
          "version": "0.7.2"
        }
      }
    ]
  },
  "version": 1
}
