{
  "object": {
    "pins": [
      {
        "package": "abseil",
        "repositoryURL": "https://github.com/bourdakos1/abseil-cpp-SwiftPM.git",
        "state": {
          "branch": "cxx17",
          "revision": "a7042563d167160f56e614cd1e2a32616510d9ec",
          "version": null
        }
      },
      {
        "package": "BoringSSL-GRPC",
        "repositoryURL": "https://github.com/firebase/boringssl-SwiftPM.git",
        "state": {
          "branch": null,
          "revision": "734a8247442fde37df4364c21f6a0085b6a36728",
          "version": "0.7.2"
        }
      },
      {
        "package": "swift-atomics",
        "repositoryURL": "https://github.com/apple/swift-atomics.git",
        "state": {
          "branch": null,
          "revision": "cd142fd2f64be2100422d658e7411e39489da985",
          "version": "1.2.0"
        }
      }
    ]
  },
  "version": 1
}
