{
  "object": {
    "pins": [
      {
        "package": "abseil-swift",
        "repositoryURL": "https://github.com/deling-google/abseil-cpp-SwiftPM.git",
        "state": {
          "branch": "cxx17",
          "revision": "3b53b59837f92176f9ffd400ebeb5eb7a0533ba1",
          "version": null
        }
      },
      {
        "package": "BoringSSL-GRPC",
        "repositoryURL": "https://github.com/firebase/boringssl-SwiftPM.git",
        "state": {
          "branch": null,
          "revision": "734a8247442fde37df4364c21f6a0085b6a36728",
          "version": "0.7.2"
        }
      }
    ]
  },
  "version": 1
}
