
Microsoft Visual Studio Solution File, Format Version 12.00
# Visual Studio Version 17
VisualStudioVersion = 17.7.34221.43
MinimumVisualStudioVersion = 10.0.40219.1
Project("{FAE04EC0-301F-11D3-BF4B-00C04F79EFBC}") = "hello_firebase_wpf", "hello_firebase_wpf\hello_firebase_wpf.csproj", "{70FDE3A9-F31E-4EB8-BE6C-D702E27258D1}"
EndProject
Global
	GlobalSection(SolutionConfigurationPlatforms) = preSolution
		Debug|Any CPU = Debug|Any CPU
		Release|Any CPU = Release|Any CPU
	EndGlobalSection
	GlobalSection(ProjectConfigurationPlatforms) = postSolution
		{70FDE3A9-F31E-4EB8-BE6C-D702E27258D1}.Debug|Any CPU.ActiveCfg = Debug|Any CPU
		{70FDE3A9-F31E-4EB8-BE6C-D702E27258D1}.Debug|Any CPU.Build.0 = Debug|Any CPU
		{70FDE3A9-F31E-4EB8-BE6C-D702E27258D1}.Release|Any CPU.ActiveCfg = Release|Any CPU
		{70FDE3A9-F31E-4EB8-BE6C-D702E27258D1}.Release|Any CPU.Build.0 = Release|Any CPU
	EndGlobalSection
	GlobalSection(SolutionProperties) = preSolution
		HideSolutionNode = FALSE
	EndGlobalSection
	GlobalSection(ExtensibilityGlobals) = postSolution
		SolutionGuid = {64D5B37F-B682-46F6-A1F2-BE213A93B105}
	EndGlobalSection
EndGlobal
