{
  "pins" : [
    {
      "identity" : "abseil-cpp-swiftpm",
      "kind" : "remoteSourceControl",
      "location" : "https://github.com/bourdakos1/abseil-cpp-SwiftPM.git",
      "state" : {
        "branch" : "cxx17-test",
        "revision" : "df22baef6992ac19219337c2a59a4c759fc92c0f"
      }
    },
    {
      "identity" : "boringssl-swiftpm",
      "kind" : "remoteSourceControl",
      "location" : "https://github.com/firebase/boringssl-SwiftPM.git",
      "state" : {
        "revision" : "734a8247442fde37df4364c21f6a0085b6a36728",
        "version" : "0.7.2"
      }
    }
  ],
  "version" : 2
}
