// !$*UTF8*$!
{
	archiveVersion = 1;
	classes = {
	};
	objectVersion = 56;
	objects = {

/* Begin PBXBuildFile section */
		23252B5629D739E400BB0370 /* HelloCloudApp.swift in Sources */ = {isa = PBXBuildFile; fileRef = 23252B5529D739E400BB0370 /* HelloCloudApp.swift */; };
		23252B5829D739E400BB0370 /* MainView.swift in Sources */ = {isa = PBXBuildFile; fileRef = 23252B5729D739E400BB0370 /* MainView.swift */; };
		23252B5A29D739E500BB0370 /* Assets.xcassets in Resources */ = {isa = PBXBuildFile; fileRef = 23252B5929D739E500BB0370 /* Assets.xcassets */; };
		23252B5D29D739E500BB0370 /* Preview Assets.xcassets in Resources */ = {isa = PBXBuildFile; fileRef = 23252B5C29D739E500BB0370 /* Preview Assets.xcassets */; };
		23D1FD2429D8A73200620802 /* Config.swift in Sources */ = {isa = PBXBuildFile; fileRef = 23D1FD2329D8A73200620802 /* Config.swift */; };
		23D1FD2629D8A9FF00620802 /* Endpoint.swift in Sources */ = {isa = PBXBuildFile; fileRef = 23D1FD2529D8A9FF00620802 /* Endpoint.swift */; };
		23F6A70829D7621F00558F56 /* Main.swift in Sources */ = {isa = PBXBuildFile; fileRef = 23F6A70729D7621F00558F56 /* Main.swift */; };
		23F6A71129D772B800558F56 /* NearbyConnections in Frameworks */ = {isa = PBXBuildFile; productRef = 23F6A71029D772B800558F56 /* NearbyConnections */; };
		7755C5752B199539003A9E0B /* CloudStorage.swift in Sources */ = {isa = PBXBuildFile; fileRef = 7755C5742B199539003A9E0B /* CloudStorage.swift */; };
		777392172B2CE0FC002FE3BA /* GoogleService-Info.plist in Resources */ = {isa = PBXBuildFile; fileRef = 777392162B2CE0FC002FE3BA /* GoogleService-Info.plist */; };
		777392192B2CE8E1002FE3BA /* FirebaseMessaging in Frameworks */ = {isa = PBXBuildFile; productRef = 777392182B2CE8E1002FE3BA /* FirebaseMessaging */; };
		7773921B2B2CE8E1002FE3BA /* FirebaseStorage in Frameworks */ = {isa = PBXBuildFile; productRef = 7773921A2B2CE8E1002FE3BA /* FirebaseStorage */; };
		7773921D2B2CE8E1002FE3BA /* FirebaseStorageCombine-Community in Frameworks */ = {isa = PBXBuildFile; productRef = 7773921C2B2CE8E1002FE3BA /* FirebaseStorageCombine-Community */; };
		777392202B2D02C2002FE3BA /* IncomingPacketsView.swift in Sources */ = {isa = PBXBuildFile; fileRef = 7773921F2B2D02C2002FE3BA /* IncomingPacketsView.swift */; };
		777392222B2D033B002FE3BA /* OutgoingPacketsView.swift in Sources */ = {isa = PBXBuildFile; fileRef = 777392212B2D033B002FE3BA /* OutgoingPacketsView.swift */; };
		777CC1492B2E8D9A00E2E8FA /* File.swift in Sources */ = {isa = PBXBuildFile; fileRef = 777CC1482B2E8D9A00E2E8FA /* File.swift */; };
		777CC14B2B2E8F9000E2E8FA /* Packet.swift in Sources */ = {isa = PBXBuildFile; fileRef = 777CC14A2B2E8F9000E2E8FA /* Packet.swift */; };
		777FE98C2B301027000DD6D0 /* Debug.swift in Sources */ = {isa = PBXBuildFile; fileRef = 777FE98B2B301027000DD6D0 /* Debug.swift */; };
		777FE9902B301B47000DD6D0 /* DataWrapper.swift in Sources */ = {isa = PBXBuildFile; fileRef = 777FE98F2B301B47000DD6D0 /* DataWrapper.swift */; };
		777FE9922B30CE2E000DD6D0 /* ImageView.swift in Sources */ = {isa = PBXBuildFile; fileRef = 777FE9912B30CE2E000DD6D0 /* ImageView.swift */; };
		777FE9942B311551000DD6D0 /* CloudDatabase.swift in Sources */ = {isa = PBXBuildFile; fileRef = 777FE9932B311551000DD6D0 /* CloudDatabase.swift */; };
		777FE9962B311622000DD6D0 /* FirebaseDatabaseSwift in Frameworks */ = {isa = PBXBuildFile; productRef = 777FE9952B311622000DD6D0 /* FirebaseDatabaseSwift */; };
		777FE9982B311622000DD6D0 /* FirebaseFunctions in Frameworks */ = {isa = PBXBuildFile; productRef = 777FE9972B311622000DD6D0 /* FirebaseFunctions */; };
		777FE99A2B311622000DD6D0 /* FirebaseMessaging in Frameworks */ = {isa = PBXBuildFile; productRef = 777FE9992B311622000DD6D0 /* FirebaseMessaging */; };
		777FE99C2B311622000DD6D0 /* FirebaseStorage in Frameworks */ = {isa = PBXBuildFile; productRef = 777FE99B2B311622000DD6D0 /* FirebaseStorage */; };
		777FE99E2B3116C4000DD6D0 /* FirebaseDatabase in Frameworks */ = {isa = PBXBuildFile; productRef = 777FE99D2B3116C4000DD6D0 /* FirebaseDatabase */; };
		777FE9A02B3116C4000DD6D0 /* FirebaseFunctions in Frameworks */ = {isa = PBXBuildFile; productRef = 777FE99F2B3116C4000DD6D0 /* FirebaseFunctions */; };
		777FE9A22B3116C4000DD6D0 /* FirebaseMessaging in Frameworks */ = {isa = PBXBuildFile; productRef = 777FE9A12B3116C4000DD6D0 /* FirebaseMessaging */; };
		777FE9A42B3116C4000DD6D0 /* FirebaseStorage in Frameworks */ = {isa = PBXBuildFile; productRef = 777FE9A32B3116C4000DD6D0 /* FirebaseStorage */; };
		777FE9A62B3116C4000DD6D0 /* FirebaseStorageCombine-Community in Frameworks */ = {isa = PBXBuildFile; productRef = 777FE9A52B3116C4000DD6D0 /* FirebaseStorageCombine-Community */; };
		77D47DDA2B2D20A9000D729D /* FirebaseFunctions in Frameworks */ = {isa = PBXBuildFile; productRef = 77D47DD92B2D20A9000D729D /* FirebaseFunctions */; };
		77D47DDC2B2D20A9000D729D /* FirebaseMessaging in Frameworks */ = {isa = PBXBuildFile; productRef = 77D47DDB2B2D20A9000D729D /* FirebaseMessaging */; };
		77D47DDE2B2D20A9000D729D /* FirebaseStorage in Frameworks */ = {isa = PBXBuildFile; productRef = 77D47DDD2B2D20A9000D729D /* FirebaseStorage */; };
		77D47DE02B2D20A9000D729D /* FirebaseStorageCombine-Community in Frameworks */ = {isa = PBXBuildFile; productRef = 77D47DDF2B2D20A9000D729D /* FirebaseStorageCombine-Community */; };
		77D47DE22B2D20FB000D729D /* CloudNotification.swift in Sources */ = {isa = PBXBuildFile; fileRef = 77D47DE12B2D20FB000D729D /* CloudNotification.swift */; };
		77DCB0D32B1B1086002A6FB2 /* FirebaseStorage in Frameworks */ = {isa = PBXBuildFile; productRef = 77DCB0D22B1B1086002A6FB2 /* FirebaseStorage */; };
		77E09C752B110CA600838C24 /* IncomingFile.swift in Sources */ = {isa = PBXBuildFile; fileRef = 77E09C742B110CA600838C24 /* IncomingFile.swift */; };
		77E09C772B110CB300838C24 /* OutgoingFile.swift in Sources */ = {isa = PBXBuildFile; fileRef = 77E09C762B110CB300838C24 /* OutgoingFile.swift */; };
/* End PBXBuildFile section */

/* Begin PBXFileReference section */
		23252B5229D739E400BB0370 /* HelloCloudApple.app */ = {isa = PBXFileReference; explicitFileType = wrapper.application; includeInIndex = 0; path = HelloCloudApple.app; sourceTree = BUILT_PRODUCTS_DIR; };
		23252B5529D739E400BB0370 /* HelloCloudApp.swift */ = {isa = PBXFileReference; lastKnownFileType = sourcecode.swift; path = HelloCloudApp.swift; sourceTree = "<group>"; };
		23252B5729D739E400BB0370 /* MainView.swift */ = {isa = PBXFileReference; lastKnownFileType = sourcecode.swift; path = MainView.swift; sourceTree = "<group>"; };
		23252B5929D739E500BB0370 /* Assets.xcassets */ = {isa = PBXFileReference; lastKnownFileType = folder.assetcatalog; path = Assets.xcassets; sourceTree = "<group>"; };
		23252B5C29D739E500BB0370 /* Preview Assets.xcassets */ = {isa = PBXFileReference; lastKnownFileType = folder.assetcatalog; path = "Preview Assets.xcassets"; sourceTree = "<group>"; };
		23D1FD2329D8A73200620802 /* Config.swift */ = {isa = PBXFileReference; lastKnownFileType = sourcecode.swift; path = Config.swift; sourceTree = "<group>"; };
		23D1FD2529D8A9FF00620802 /* Endpoint.swift */ = {isa = PBXFileReference; lastKnownFileType = sourcecode.swift; path = Endpoint.swift; sourceTree = "<group>"; };
		23F6A70729D7621F00558F56 /* Main.swift */ = {isa = PBXFileReference; lastKnownFileType = sourcecode.swift; path = Main.swift; sourceTree = "<group>"; };
		23F6A70E29D76DC400558F56 /* nearby */ = {isa = PBXFileReference; lastKnownFileType = wrapper; name = nearby; path = ..; sourceTree = "<group>"; };
		7755C5742B199539003A9E0B /* CloudStorage.swift */ = {isa = PBXFileReference; lastKnownFileType = sourcecode.swift; path = CloudStorage.swift; sourceTree = "<group>"; };
		777392162B2CE0FC002FE3BA /* GoogleService-Info.plist */ = {isa = PBXFileReference; fileEncoding = 4; lastKnownFileType = text.plist.xml; path = "GoogleService-Info.plist"; sourceTree = "<group>"; };
		7773921E2B2CED78002FE3BA /* HelloCloudApple.entitlements */ = {isa = PBXFileReference; lastKnownFileType = text.plist.entitlements; path = HelloCloudApple.entitlements; sourceTree = "<group>"; };
		7773921F2B2D02C2002FE3BA /* IncomingPacketsView.swift */ = {isa = PBXFileReference; lastKnownFileType = sourcecode.swift; path = IncomingPacketsView.swift; sourceTree = "<group>"; };
		777392212B2D033B002FE3BA /* OutgoingPacketsView.swift */ = {isa = PBXFileReference; lastKnownFileType = sourcecode.swift; path = OutgoingPacketsView.swift; sourceTree = "<group>"; };
		777CC1482B2E8D9A00E2E8FA /* File.swift */ = {isa = PBXFileReference; lastKnownFileType = sourcecode.swift; path = File.swift; sourceTree = "<group>"; };
		777CC14A2B2E8F9000E2E8FA /* Packet.swift */ = {isa = PBXFileReference; lastKnownFileType = sourcecode.swift; path = Packet.swift; sourceTree = "<group>"; };
		777FE98B2B301027000DD6D0 /* Debug.swift */ = {isa = PBXFileReference; lastKnownFileType = sourcecode.swift; path = Debug.swift; sourceTree = "<group>"; };
		777FE98F2B301B47000DD6D0 /* DataWrapper.swift */ = {isa = PBXFileReference; lastKnownFileType = sourcecode.swift; path = DataWrapper.swift; sourceTree = "<group>"; };
		777FE9912B30CE2E000DD6D0 /* ImageView.swift */ = {isa = PBXFileReference; lastKnownFileType = sourcecode.swift; path = ImageView.swift; sourceTree = "<group>"; };
		777FE9932B311551000DD6D0 /* CloudDatabase.swift */ = {isa = PBXFileReference; lastKnownFileType = sourcecode.swift; path = CloudDatabase.swift; sourceTree = "<group>"; };
		77CD19D02B19442100654BA2 /* Info.plist */ = {isa = PBXFileReference; fileEncoding = 4; lastKnownFileType = text.plist.xml; path = Info.plist; sourceTree = "<group>"; };
		77D47DE12B2D20FB000D729D /* CloudNotification.swift */ = {isa = PBXFileReference; lastKnownFileType = sourcecode.swift; path = CloudNotification.swift; sourceTree = "<group>"; };
		77E09C742B110CA600838C24 /* IncomingFile.swift */ = {isa = PBXFileReference; lastKnownFileType = sourcecode.swift; path = IncomingFile.swift; sourceTree = "<group>"; };
		77E09C762B110CB300838C24 /* OutgoingFile.swift */ = {isa = PBXFileReference; lastKnownFileType = sourcecode.swift; path = OutgoingFile.swift; sourceTree = "<group>"; };
/* End PBXFileReference section */

/* Begin PBXFrameworksBuildPhase section */
		23252B4F29D739E400BB0370 /* Frameworks */ = {
			isa = PBXFrameworksBuildPhase;
			buildActionMask = 2147483647;
			files = (
				777FE9A22B3116C4000DD6D0 /* FirebaseMessaging in Frameworks */,
				777FE99A2B311622000DD6D0 /* FirebaseMessaging in Frameworks */,
				777FE9962B311622000DD6D0 /* FirebaseDatabaseSwift in Frameworks */,
				777392192B2CE8E1002FE3BA /* FirebaseMessaging in Frameworks */,
				7773921B2B2CE8E1002FE3BA /* FirebaseStorage in Frameworks */,
				77D47DDC2B2D20A9000D729D /* FirebaseMessaging in Frameworks */,
				7773921D2B2CE8E1002FE3BA /* FirebaseStorageCombine-Community in Frameworks */,
				77D47DDA2B2D20A9000D729D /* FirebaseFunctions in Frameworks */,
				77D47DDE2B2D20A9000D729D /* FirebaseStorage in Frameworks */,
				777FE99C2B311622000DD6D0 /* FirebaseStorage in Frameworks */,
				23F6A71129D772B800558F56 /* NearbyConnections in Frameworks */,
				77D47DE02B2D20A9000D729D /* FirebaseStorageCombine-Community in Frameworks */,
				777FE9A42B3116C4000DD6D0 /* FirebaseStorage in Frameworks */,
				777FE9982B311622000DD6D0 /* FirebaseFunctions in Frameworks */,
				777FE9A02B3116C4000DD6D0 /* FirebaseFunctions in Frameworks */,
				777FE99E2B3116C4000DD6D0 /* FirebaseDatabase in Frameworks */,
				777FE9A62B3116C4000DD6D0 /* FirebaseStorageCombine-Community in Frameworks */,
				77DCB0D32B1B1086002A6FB2 /* FirebaseStorage in Frameworks */,
			);
			runOnlyForDeploymentPostprocessing = 0;
		};
/* End PBXFrameworksBuildPhase section */

/* Begin PBXGroup section */
		23252B4929D739E400BB0370 = {
			isa = PBXGroup;
			children = (
				23F6A70D29D76DC400558F56 /* Packages */,
				23252B5429D739E400BB0370 /* HelloCloudApple */,
				23252B5329D739E400BB0370 /* Products */,
				23F6A70F29D772B800558F56 /* Frameworks */,
			);
			sourceTree = "<group>";
		};
		23252B5329D739E400BB0370 /* Products */ = {
			isa = PBXGroup;
			children = (
				23252B5229D739E400BB0370 /* HelloCloudApple.app */,
			);
			name = Products;
			sourceTree = "<group>";
		};
		23252B5429D739E400BB0370 /* HelloCloudApple */ = {
			isa = PBXGroup;
			children = (
				7773921E2B2CED78002FE3BA /* HelloCloudApple.entitlements */,
				777392162B2CE0FC002FE3BA /* GoogleService-Info.plist */,
				77CD19D02B19442100654BA2 /* Info.plist */,
				23F6A71429D7B0AB00558F56 /* Model */,
				23252B5529D739E400BB0370 /* HelloCloudApp.swift */,
				23252B5729D739E400BB0370 /* MainView.swift */,
				7773921F2B2D02C2002FE3BA /* IncomingPacketsView.swift */,
				777392212B2D033B002FE3BA /* OutgoingPacketsView.swift */,
				23252B5929D739E500BB0370 /* Assets.xcassets */,
				23252B5B29D739E500BB0370 /* Preview Content */,
			);
			path = HelloCloudApple;
			sourceTree = "<group>";
		};
		23252B5B29D739E500BB0370 /* Preview Content */ = {
			isa = PBXGroup;
			children = (
				23252B5C29D739E500BB0370 /* Preview Assets.xcassets */,
			);
			path = "Preview Content";
			sourceTree = "<group>";
		};
		23F6A70D29D76DC400558F56 /* Packages */ = {
			isa = PBXGroup;
			children = (
				23F6A70E29D76DC400558F56 /* nearby */,
			);
			name = Packages;
			sourceTree = "<group>";
		};
		23F6A70F29D772B800558F56 /* Frameworks */ = {
			isa = PBXGroup;
			children = (
			);
			name = Frameworks;
			sourceTree = "<group>";
		};
		23F6A71429D7B0AB00558F56 /* Model */ = {
			isa = PBXGroup;
			children = (
				23F6A70729D7621F00558F56 /* Main.swift */,
				23D1FD2529D8A9FF00620802 /* Endpoint.swift */,
				23D1FD2329D8A73200620802 /* Config.swift */,
				77E09C742B110CA600838C24 /* IncomingFile.swift */,
				77E09C762B110CB300838C24 /* OutgoingFile.swift */,
				7755C5742B199539003A9E0B /* CloudStorage.swift */,
				77D47DE12B2D20FB000D729D /* CloudNotification.swift */,
				777FE9932B311551000DD6D0 /* CloudDatabase.swift */,
				777CC1482B2E8D9A00E2E8FA /* File.swift */,
				777CC14A2B2E8F9000E2E8FA /* Packet.swift */,
				777FE98B2B301027000DD6D0 /* Debug.swift */,
				777FE98F2B301B47000DD6D0 /* DataWrapper.swift */,
				777FE9912B30CE2E000DD6D0 /* ImageView.swift */,
			);
			path = Model;
			sourceTree = "<group>";
		};
/* End PBXGroup section */

/* Begin PBXNativeTarget section */
		23252B5129D739E400BB0370 /* HelloCloudApple */ = {
			isa = PBXNativeTarget;
			buildConfigurationList = 23252B6029D739E500BB0370 /* Build configuration list for PBXNativeTarget "HelloCloudApple" */;
			buildPhases = (
				23252B4E29D739E400BB0370 /* Sources */,
				23252B4F29D739E400BB0370 /* Frameworks */,
				23252B5029D739E400BB0370 /* Resources */,
			);
			buildRules = (
			);
			dependencies = (
			);
			name = HelloCloudApple;
			packageProductDependencies = (
				23F6A71029D772B800558F56 /* NearbyConnections */,
				77DCB0D22B1B1086002A6FB2 /* FirebaseStorage */,
				777392182B2CE8E1002FE3BA /* FirebaseMessaging */,
				7773921A2B2CE8E1002FE3BA /* FirebaseStorage */,
				7773921C2B2CE8E1002FE3BA /* FirebaseStorageCombine-Community */,
				77D47DD92B2D20A9000D729D /* FirebaseFunctions */,
				77D47DDB2B2D20A9000D729D /* FirebaseMessaging */,
				77D47DDD2B2D20A9000D729D /* FirebaseStorage */,
				77D47DDF2B2D20A9000D729D /* FirebaseStorageCombine-Community */,
				777FE9952B311622000DD6D0 /* FirebaseDatabaseSwift */,
				777FE9972B311622000DD6D0 /* FirebaseFunctions */,
				777FE9992B311622000DD6D0 /* FirebaseMessaging */,
				777FE99B2B311622000DD6D0 /* FirebaseStorage */,
				777FE99D2B3116C4000DD6D0 /* FirebaseDatabase */,
				777FE99F2B3116C4000DD6D0 /* FirebaseFunctions */,
				777FE9A12B3116C4000DD6D0 /* FirebaseMessaging */,
				777FE9A32B3116C4000DD6D0 /* FirebaseStorage */,
				777FE9A52B3116C4000DD6D0 /* FirebaseStorageCombine-Community */,
			);
			productName = HelloCloudApple;
			productReference = 23252B5229D739E400BB0370 /* HelloCloudApple.app */;
			productType = "com.apple.product-type.application";
		};
/* End PBXNativeTarget section */

/* Begin PBXProject section */
		23252B4A29D739E400BB0370 /* Project object */ = {
			isa = PBXProject;
			attributes = {
				BuildIndependentTargetsInParallel = 1;
				LastSwiftUpdateCheck = 1420;
				LastUpgradeCheck = 1420;
				TargetAttributes = {
					23252B5129D739E400BB0370 = {
						CreatedOnToolsVersion = 14.2;
					};
				};
			};
			buildConfigurationList = 23252B4D29D739E400BB0370 /* Build configuration list for PBXProject "HelloCloudApple" */;
			compatibilityVersion = "Xcode 14.0";
			developmentRegion = en;
			hasScannedForEncodings = 0;
			knownRegions = (
				en,
				Base,
			);
			mainGroup = 23252B4929D739E400BB0370;
			packageReferences = (
				77DCB0D12B1B1086002A6FB2 /* XCRemoteSwiftPackageReference "firebase-ios-sdk" */,
			);
			productRefGroup = 23252B5329D739E400BB0370 /* Products */;
			projectDirPath = "";
			projectRoot = "";
			targets = (
				23252B5129D739E400BB0370 /* HelloCloudApple */,
			);
		};
/* End PBXProject section */

/* Begin PBXResourcesBuildPhase section */
		23252B5029D739E400BB0370 /* Resources */ = {
			isa = PBXResourcesBuildPhase;
			buildActionMask = 2147483647;
			files = (
				23252B5D29D739E500BB0370 /* Preview Assets.xcassets in Resources */,
				23252B5A29D739E500BB0370 /* Assets.xcassets in Resources */,
				777392172B2CE0FC002FE3BA /* GoogleService-Info.plist in Resources */,
			);
			runOnlyForDeploymentPostprocessing = 0;
		};
/* End PBXResourcesBuildPhase section */

/* Begin PBXSourcesBuildPhase section */
		23252B4E29D739E400BB0370 /* Sources */ = {
			isa = PBXSourcesBuildPhase;
			buildActionMask = 2147483647;
			files = (
				777FE9922B30CE2E000DD6D0 /* ImageView.swift in Sources */,
				77D47DE22B2D20FB000D729D /* CloudNotification.swift in Sources */,
				777FE9942B311551000DD6D0 /* CloudDatabase.swift in Sources */,
				23252B5829D739E400BB0370 /* MainView.swift in Sources */,
				23F6A70829D7621F00558F56 /* Main.swift in Sources */,
				23D1FD2429D8A73200620802 /* Config.swift in Sources */,
				777392202B2D02C2002FE3BA /* IncomingPacketsView.swift in Sources */,
				777FE98C2B301027000DD6D0 /* Debug.swift in Sources */,
				23252B5629D739E400BB0370 /* HelloCloudApp.swift in Sources */,
				23D1FD2629D8A9FF00620802 /* Endpoint.swift in Sources */,
				77E09C752B110CA600838C24 /* IncomingFile.swift in Sources */,
				777CC1492B2E8D9A00E2E8FA /* File.swift in Sources */,
				77E09C772B110CB300838C24 /* OutgoingFile.swift in Sources */,
				777FE9902B301B47000DD6D0 /* DataWrapper.swift in Sources */,
				777392222B2D033B002FE3BA /* OutgoingPacketsView.swift in Sources */,
				777CC14B2B2E8F9000E2E8FA /* Packet.swift in Sources */,
				7755C5752B199539003A9E0B /* CloudStorage.swift in Sources */,
			);
			runOnlyForDeploymentPostprocessing = 0;
		};
/* End PBXSourcesBuildPhase section */

/* Begin XCBuildConfiguration section */
		23252B5E29D739E500BB0370 /* Debug */ = {
			isa = XCBuildConfiguration;
			buildSettings = {
				ALWAYS_SEARCH_USER_PATHS = NO;
				CLANG_ANALYZER_NONNULL = YES;
				CLANG_ANALYZER_NUMBER_OBJECT_CONVERSION = YES_AGGRESSIVE;
				CLANG_CXX_LANGUAGE_STANDARD = "gnu++20";
				CLANG_ENABLE_MODULES = YES;
				CLANG_ENABLE_OBJC_ARC = YES;
				CLANG_ENABLE_OBJC_WEAK = YES;
				CLANG_WARN_BLOCK_CAPTURE_AUTORELEASING = YES;
				CLANG_WARN_BOOL_CONVERSION = YES;
				CLANG_WARN_COMMA = YES;
				CLANG_WARN_CONSTANT_CONVERSION = YES;
				CLANG_WARN_DEPRECATED_OBJC_IMPLEMENTATIONS = YES;
				CLANG_WARN_DIRECT_OBJC_ISA_USAGE = YES_ERROR;
				CLANG_WARN_DOCUMENTATION_COMMENTS = YES;
				CLANG_WARN_EMPTY_BODY = YES;
				CLANG_WARN_ENUM_CONVERSION = YES;
				CLANG_WARN_INFINITE_RECURSION = YES;
				CLANG_WARN_INT_CONVERSION = YES;
				CLANG_WARN_NON_LITERAL_NULL_CONVERSION = YES;
				CLANG_WARN_OBJC_IMPLICIT_RETAIN_SELF = YES;
				CLANG_WARN_OBJC_LITERAL_CONVERSION = YES;
				CLANG_WARN_OBJC_ROOT_CLASS = YES_ERROR;
				CLANG_WARN_QUOTED_INCLUDE_IN_FRAMEWORK_HEADER = YES;
				CLANG_WARN_RANGE_LOOP_ANALYSIS = YES;
				CLANG_WARN_STRICT_PROTOTYPES = YES;
				CLANG_WARN_SUSPICIOUS_MOVE = YES;
				CLANG_WARN_UNGUARDED_AVAILABILITY = YES_AGGRESSIVE;
				CLANG_WARN_UNREACHABLE_CODE = YES;
				CLANG_WARN__DUPLICATE_METHOD_MATCH = YES;
				COPY_PHASE_STRIP = NO;
				DEBUG_INFORMATION_FORMAT = dwarf;
				ENABLE_STRICT_OBJC_MSGSEND = YES;
				ENABLE_TESTABILITY = YES;
				GCC_C_LANGUAGE_STANDARD = gnu11;
				GCC_DYNAMIC_NO_PIC = NO;
				GCC_NO_COMMON_BLOCKS = YES;
				GCC_OPTIMIZATION_LEVEL = 0;
				GCC_PREPROCESSOR_DEFINITIONS = (
					"DEBUG=1",
					"$(inherited)",
				);
				GCC_WARN_64_TO_32_BIT_CONVERSION = YES;
				GCC_WARN_ABOUT_RETURN_TYPE = YES_ERROR;
				GCC_WARN_UNDECLARED_SELECTOR = YES;
				GCC_WARN_UNINITIALIZED_AUTOS = YES_AGGRESSIVE;
				GCC_WARN_UNUSED_FUNCTION = YES;
				GCC_WARN_UNUSED_VARIABLE = YES;
				IPHONEOS_DEPLOYMENT_TARGET = 16.2;
				MTL_ENABLE_DEBUG_INFO = INCLUDE_SOURCE;
				MTL_FAST_MATH = YES;
				ONLY_ACTIVE_ARCH = YES;
				SDKROOT = iphoneos;
				SWIFT_ACTIVE_COMPILATION_CONDITIONS = DEBUG;
				SWIFT_OPTIMIZATION_LEVEL = "-Onone";
			};
			name = Debug;
		};
		23252B5F29D739E500BB0370 /* Release */ = {
			isa = XCBuildConfiguration;
			buildSettings = {
				ALWAYS_SEARCH_USER_PATHS = NO;
				CLANG_ANALYZER_NONNULL = YES;
				CLANG_ANALYZER_NUMBER_OBJECT_CONVERSION = YES_AGGRESSIVE;
				CLANG_CXX_LANGUAGE_STANDARD = "gnu++20";
				CLANG_ENABLE_MODULES = YES;
				CLANG_ENABLE_OBJC_ARC = YES;
				CLANG_ENABLE_OBJC_WEAK = YES;
				CLANG_WARN_BLOCK_CAPTURE_AUTORELEASING = YES;
				CLANG_WARN_BOOL_CONVERSION = YES;
				CLANG_WARN_COMMA = YES;
				CLANG_WARN_CONSTANT_CONVERSION = YES;
				CLANG_WARN_DEPRECATED_OBJC_IMPLEMENTATIONS = YES;
				CLANG_WARN_DIRECT_OBJC_ISA_USAGE = YES_ERROR;
				CLANG_WARN_DOCUMENTATION_COMMENTS = YES;
				CLANG_WARN_EMPTY_BODY = YES;
				CLANG_WARN_ENUM_CONVERSION = YES;
				CLANG_WARN_INFINITE_RECURSION = YES;
				CLANG_WARN_INT_CONVERSION = YES;
				CLANG_WARN_NON_LITERAL_NULL_CONVERSION = YES;
				CLANG_WARN_OBJC_IMPLICIT_RETAIN_SELF = YES;
				CLANG_WARN_OBJC_LITERAL_CONVERSION = YES;
				CLANG_WARN_OBJC_ROOT_CLASS = YES_ERROR;
				CLANG_WARN_QUOTED_INCLUDE_IN_FRAMEWORK_HEADER = YES;
				CLANG_WARN_RANGE_LOOP_ANALYSIS = YES;
				CLANG_WARN_STRICT_PROTOTYPES = YES;
				CLANG_WARN_SUSPICIOUS_MOVE = YES;
				CLANG_WARN_UNGUARDED_AVAILABILITY = YES_AGGRESSIVE;
				CLANG_WARN_UNREACHABLE_CODE = YES;
				CLANG_WARN__DUPLICATE_METHOD_MATCH = YES;
				COPY_PHASE_STRIP = NO;
				DEBUG_INFORMATION_FORMAT = "dwarf-with-dsym";
				ENABLE_NS_ASSERTIONS = NO;
				ENABLE_STRICT_OBJC_MSGSEND = YES;
				GCC_C_LANGUAGE_STANDARD = gnu11;
				GCC_NO_COMMON_BLOCKS = YES;
				GCC_WARN_64_TO_32_BIT_CONVERSION = YES;
				GCC_WARN_ABOUT_RETURN_TYPE = YES_ERROR;
				GCC_WARN_UNDECLARED_SELECTOR = YES;
				GCC_WARN_UNINITIALIZED_AUTOS = YES_AGGRESSIVE;
				GCC_WARN_UNUSED_FUNCTION = YES;
				GCC_WARN_UNUSED_VARIABLE = YES;
				IPHONEOS_DEPLOYMENT_TARGET = 16.2;
				MTL_ENABLE_DEBUG_INFO = NO;
				MTL_FAST_MATH = YES;
				SDKROOT = iphoneos;
				SWIFT_COMPILATION_MODE = wholemodule;
				SWIFT_OPTIMIZATION_LEVEL = "-O";
				VALIDATE_PRODUCT = YES;
			};
			name = Release;
		};
		23252B6129D739E500BB0370 /* Debug */ = {
			isa = XCBuildConfiguration;
			buildSettings = {
				ASSETCATALOG_COMPILER_APPICON_NAME = AppIcon;
				ASSETCATALOG_COMPILER_GLOBAL_ACCENT_COLOR_NAME = AccentColor;
				CODE_SIGN_ENTITLEMENTS = HelloCloudApple/HelloCloudApple.entitlements;
				CODE_SIGN_STYLE = Automatic;
				CURRENT_PROJECT_VERSION = 1;
				DEVELOPMENT_ASSET_PATHS = "\"HelloCloudApple/Preview Content\"";
				DEVELOPMENT_TEAM = QFP2RZ8L7U;
				ENABLE_PREVIEWS = YES;
				GENERATE_INFOPLIST_FILE = YES;
				INFOPLIST_FILE = HelloCloudApple/Info.plist;
				INFOPLIST_KEY_NSBluetoothAlwaysUsageDescription = "This app demonstrates Nearby Connections. Supply a value for this string to explain how the user benefits when they allow the app to use Bluetooth.";
				INFOPLIST_KEY_NSLocalNetworkUsageDescription = "This app demonstrates Nearby Connections. Supply a value for this string to explain how the user benefits when they allow the app to use Local Network.";
				INFOPLIST_KEY_UIApplicationSceneManifest_Generation = YES;
				INFOPLIST_KEY_UIApplicationSupportsIndirectInputEvents = YES;
				INFOPLIST_KEY_UILaunchScreen_Generation = YES;
				INFOPLIST_KEY_UISupportedInterfaceOrientations_iPad = "UIInterfaceOrientationPortrait UIInterfaceOrientationPortraitUpsideDown UIInterfaceOrientationLandscapeLeft UIInterfaceOrientationLandscapeRight";
				INFOPLIST_KEY_UISupportedInterfaceOrientations_iPhone = "UIInterfaceOrientationPortrait UIInterfaceOrientationLandscapeLeft UIInterfaceOrientationLandscapeRight";
				IPHONEOS_DEPLOYMENT_TARGET = 17.0;
				LD_RUNPATH_SEARCH_PATHS = (
					"$(inherited)",
					"@executable_path/Frameworks",
				);
				MARKETING_VERSION = 1.0;
				PRODUCT_BUNDLE_IDENTIFIER = "com.deling.hello-cloud";
				PRODUCT_NAME = "$(TARGET_NAME)";
				SUPPORTED_PLATFORMS = "iphoneos iphonesimulator macosx";
				SUPPORTS_MACCATALYST = NO;
				SWIFT_EMIT_LOC_STRINGS = YES;
				SWIFT_VERSION = 5.0;
				TARGETED_DEVICE_FAMILY = "1,2";
			};
			name = Debug;
		};
		23252B6229D739E500BB0370 /* Release */ = {
			isa = XCBuildConfiguration;
			buildSettings = {
				ASSETCATALOG_COMPILER_APPICON_NAME = AppIcon;
				ASSETCATALOG_COMPILER_GLOBAL_ACCENT_COLOR_NAME = AccentColor;
				CODE_SIGN_ENTITLEMENTS = HelloCloudApple/HelloCloudApple.entitlements;
				CODE_SIGN_STYLE = Automatic;
				CURRENT_PROJECT_VERSION = 1;
				DEVELOPMENT_ASSET_PATHS = "\"HelloCloudApple/Preview Content\"";
				DEVELOPMENT_TEAM = QFP2RZ8L7U;
				ENABLE_PREVIEWS = YES;
				GENERATE_INFOPLIST_FILE = YES;
				INFOPLIST_FILE = HelloCloudApple/Info.plist;
				INFOPLIST_KEY_NSBluetoothAlwaysUsageDescription = "This app demonstrates Nearby Connections. Supply a value for this string to explain how the user benefits when they allow the app to use Bluetooth.";
				INFOPLIST_KEY_NSLocalNetworkUsageDescription = "This app demonstrates Nearby Connections. Supply a value for this string to explain how the user benefits when they allow the app to use Local Network.";
				INFOPLIST_KEY_UIApplicationSceneManifest_Generation = YES;
				INFOPLIST_KEY_UIApplicationSupportsIndirectInputEvents = YES;
				INFOPLIST_KEY_UILaunchScreen_Generation = YES;
				INFOPLIST_KEY_UISupportedInterfaceOrientations_iPad = "UIInterfaceOrientationPortrait UIInterfaceOrientationPortraitUpsideDown UIInterfaceOrientationLandscapeLeft UIInterfaceOrientationLandscapeRight";
				INFOPLIST_KEY_UISupportedInterfaceOrientations_iPhone = "UIInterfaceOrientationPortrait UIInterfaceOrientationLandscapeLeft UIInterfaceOrientationLandscapeRight";
				IPHONEOS_DEPLOYMENT_TARGET = 17.0;
				LD_RUNPATH_SEARCH_PATHS = (
					"$(inherited)",
					"@executable_path/Frameworks",
				);
				MARKETING_VERSION = 1.0;
				PRODUCT_BUNDLE_IDENTIFIER = "com.deling.hello-cloud";
				PRODUCT_NAME = "$(TARGET_NAME)";
				SUPPORTED_PLATFORMS = "iphoneos iphonesimulator macosx";
				SUPPORTS_MACCATALYST = NO;
				SWIFT_EMIT_LOC_STRINGS = YES;
				SWIFT_VERSION = 5.0;
				TARGETED_DEVICE_FAMILY = "1,2";
			};
			name = Release;
		};
/* End XCBuildConfiguration section */

/* Begin XCConfigurationList section */
		23252B4D29D739E400BB0370 /* Build configuration list for PBXProject "HelloCloudApple" */ = {
			isa = XCConfigurationList;
			buildConfigurations = (
				23252B5E29D739E500BB0370 /* Debug */,
				23252B5F29D739E500BB0370 /* Release */,
			);
			defaultConfigurationIsVisible = 0;
			defaultConfigurationName = Release;
		};
		23252B6029D739E500BB0370 /* Build configuration list for PBXNativeTarget "HelloCloudApple" */ = {
			isa = XCConfigurationList;
			buildConfigurations = (
				23252B6129D739E500BB0370 /* Debug */,
				23252B6229D739E500BB0370 /* Release */,
			);
			defaultConfigurationIsVisible = 0;
			defaultConfigurationName = Release;
		};
/* End XCConfigurationList section */

/* Begin XCRemoteSwiftPackageReference section */
		77DCB0D12B1B1086002A6FB2 /* XCRemoteSwiftPackageReference "firebase-ios-sdk" */ = {
			isa = XCRemoteSwiftPackageReference;
			repositoryURL = "https://github.com/firebase/firebase-ios-sdk.git";
			requirement = {
				kind = upToNextMajorVersion;
				minimumVersion = 10.18.0;
			};
		};
/* End XCRemoteSwiftPackageReference section */

/* Begin XCSwiftPackageProductDependency section */
		23F6A71029D772B800558F56 /* NearbyConnections */ = {
			isa = XCSwiftPackageProductDependency;
			productName = NearbyConnections;
		};
		777392182B2CE8E1002FE3BA /* FirebaseMessaging */ = {
			isa = XCSwiftPackageProductDependency;
			package = 77DCB0D12B1B1086002A6FB2 /* XCRemoteSwiftPackageReference "firebase-ios-sdk" */;
			productName = FirebaseMessaging;
		};
		7773921A2B2CE8E1002FE3BA /* FirebaseStorage */ = {
			isa = XCSwiftPackageProductDependency;
			package = 77DCB0D12B1B1086002A6FB2 /* XCRemoteSwiftPackageReference "firebase-ios-sdk" */;
			productName = FirebaseStorage;
		};
		7773921C2B2CE8E1002FE3BA /* FirebaseStorageCombine-Community */ = {
			isa = XCSwiftPackageProductDependency;
			package = 77DCB0D12B1B1086002A6FB2 /* XCRemoteSwiftPackageReference "firebase-ios-sdk" */;
			productName = "FirebaseStorageCombine-Community";
		};
		777FE9952B311622000DD6D0 /* FirebaseDatabaseSwift */ = {
			isa = XCSwiftPackageProductDependency;
			package = 77DCB0D12B1B1086002A6FB2 /* XCRemoteSwiftPackageReference "firebase-ios-sdk" */;
			productName = FirebaseDatabaseSwift;
		};
		777FE9972B311622000DD6D0 /* FirebaseFunctions */ = {
			isa = XCSwiftPackageProductDependency;
			package = 77DCB0D12B1B1086002A6FB2 /* XCRemoteSwiftPackageReference "firebase-ios-sdk" */;
			productName = FirebaseFunctions;
		};
		777FE9992B311622000DD6D0 /* FirebaseMessaging */ = {
			isa = XCSwiftPackageProductDependency;
			package = 77DCB0D12B1B1086002A6FB2 /* XCRemoteSwiftPackageReference "firebase-ios-sdk" */;
			productName = FirebaseMessaging;
		};
		777FE99B2B311622000DD6D0 /* FirebaseStorage */ = {
			isa = XCSwiftPackageProductDependency;
			package = 77DCB0D12B1B1086002A6FB2 /* XCRemoteSwiftPackageReference "firebase-ios-sdk" */;
			productName = FirebaseStorage;
		};
		777FE99D2B3116C4000DD6D0 /* FirebaseDatabase */ = {
			isa = XCSwiftPackageProductDependency;
			package = 77DCB0D12B1B1086002A6FB2 /* XCRemoteSwiftPackageReference "firebase-ios-sdk" */;
			productName = FirebaseDatabase;
		};
		777FE99F2B3116C4000DD6D0 /* FirebaseFunctions */ = {
			isa = XCSwiftPackageProductDependency;
			package = 77DCB0D12B1B1086002A6FB2 /* XCRemoteSwiftPackageReference "firebase-ios-sdk" */;
			productName = FirebaseFunctions;
		};
		777FE9A12B3116C4000DD6D0 /* FirebaseMessaging */ = {
			isa = XCSwiftPackageProductDependency;
			package = 77DCB0D12B1B1086002A6FB2 /* XCRemoteSwiftPackageReference "firebase-ios-sdk" */;
			productName = FirebaseMessaging;
		};
		777FE9A32B3116C4000DD6D0 /* FirebaseStorage */ = {
			isa = XCSwiftPackageProductDependency;
			package = 77DCB0D12B1B1086002A6FB2 /* XCRemoteSwiftPackageReference "firebase-ios-sdk" */;
			productName = FirebaseStorage;
		};
		777FE9A52B3116C4000DD6D0 /* FirebaseStorageCombine-Community */ = {
			isa = XCSwiftPackageProductDependency;
			package = 77DCB0D12B1B1086002A6FB2 /* XCRemoteSwiftPackageReference "firebase-ios-sdk" */;
			productName = "FirebaseStorageCombine-Community";
		};
		77D47DD92B2D20A9000D729D /* FirebaseFunctions */ = {
			isa = XCSwiftPackageProductDependency;
			package = 77DCB0D12B1B1086002A6FB2 /* XCRemoteSwiftPackageReference "firebase-ios-sdk" */;
			productName = FirebaseFunctions;
		};
		77D47DDB2B2D20A9000D729D /* FirebaseMessaging */ = {
			isa = XCSwiftPackageProductDependency;
			package = 77DCB0D12B1B1086002A6FB2 /* XCRemoteSwiftPackageReference "firebase-ios-sdk" */;
			productName = FirebaseMessaging;
		};
		77D47DDD2B2D20A9000D729D /* FirebaseStorage */ = {
			isa = XCSwiftPackageProductDependency;
			package = 77DCB0D12B1B1086002A6FB2 /* XCRemoteSwiftPackageReference "firebase-ios-sdk" */;
			productName = FirebaseStorage;
		};
		77D47DDF2B2D20A9000D729D /* FirebaseStorageCombine-Community */ = {
			isa = XCSwiftPackageProductDependency;
			package = 77DCB0D12B1B1086002A6FB2 /* XCRemoteSwiftPackageReference "firebase-ios-sdk" */;
			productName = "FirebaseStorageCombine-Community";
		};
		77DCB0D22B1B1086002A6FB2 /* FirebaseStorage */ = {
			isa = XCSwiftPackageProductDependency;
			package = 77DCB0D12B1B1086002A6FB2 /* XCRemoteSwiftPackageReference "firebase-ios-sdk" */;
			productName = FirebaseStorage;
		};
/* End XCSwiftPackageProductDependency section */
	};
	rootObject = 23252B4A29D739E400BB0370 /* Project object */;
}
