# This file is automatically @generated by Cargo.
# It is not intended for manual editing.
version = 3

[[package]]
name = "autocfg"
version = "1.1.0"
source = "registry+https://github.com/rust-lang/crates.io-index"
checksum = "d468802bab17cbc0cc575e9b053f41e72aa36bfa6b7f55e3529ffa43161b97fa"

[[package]]
name = "clock"
version = "0.3.2"
source = "registry+https://github.com/rust-lang/crates.io-index"
checksum = "f04e35d66b91b3e7f7c9f9a7e72733f36d8cf7cde681880896aa32e59642111f"

[[package]]
name = "fpp"
version = "0.1.0"
dependencies = [
 "clock",
 "ilog",
 "lazy_static",
 "num-traits",
]

[[package]]
name = "ilog"
version = "1.0.1"
source = "registry+https://github.com/rust-lang/crates.io-index"
checksum = "a9d6896d5a5d605a3b80da159ccc5a6e1fad346b4d2c1ad51046e22536b9a362"

[[package]]
name = "lazy_static"
version = "1.4.0"
source = "registry+https://github.com/rust-lang/crates.io-index"
checksum = "e2abad23fbc42b3700f2f279844dc832adb2b2eb069b2df918f455c4e18cc646"

[[package]]
name = "num-traits"
version = "0.2.15"
source = "registry+https://github.com/rust-lang/crates.io-index"
checksum = "578ede34cf02f8924ab9447f50c28075b4d3e5b269972345e7e0372b38c6cdcd"
dependencies = [
 "autocfg",
]
