
Microsoft Visual Studio Solution File, Format Version 12.00
# Visual Studio Version 17
VisualStudioVersion = 17.5.002.0
MinimumVisualStudioVersion = 10.0.40219.1
Project("{9A19103F-16F7-4668-BE54-9A1E7A4F7556}") = "HelloCloudWpf", "HelloCloudWpf.csproj", "{F1B77032-7EDA-495C-8011-1124252AB107}"
EndProject
Global
	GlobalSection(SolutionConfigurationPlatforms) = preSolution
		Debug|Any CPU = Debug|Any CPU
		Release|Any CPU = Release|Any CPU
	EndGlobalSection
	GlobalSection(ProjectConfigurationPlatforms) = postSolution
		{F1B77032-7EDA-495C-8011-1124252AB107}.Debug|Any CPU.ActiveCfg = Debug|Any CPU
		{F1B77032-7EDA-495C-8011-1124252AB107}.Debug|Any CPU.Build.0 = Debug|Any CPU
		{F1B77032-7EDA-495C-8011-1124252AB107}.Release|Any CPU.ActiveCfg = Release|Any CPU
		{F1B77032-7EDA-495C-8011-1124252AB107}.Release|Any CPU.Build.0 = Release|Any CPU
	EndGlobalSection
	GlobalSection(SolutionProperties) = preSolution
		HideSolutionNode = FALSE
	EndGlobalSection
	GlobalSection(ExtensibilityGlobals) = postSolution
		SolutionGuid = {0F5942E0-9E57-47B0-A6C8-8831145DAB33}
	EndGlobalSection
EndGlobal
